# THIS IS AN AUTOGENERATED FILE. DO NOT EDIT THIS FILE DIRECTLY.
# yarn lockfile v1


"@sindresorhus/is@^0.7.0":
  "integrity" "sha1-mgb08TfuhNffBGDB/bETX/psUP0="
  "resolved" "https://registry.nlark.com/@sindresorhus/is/download/@sindresorhus/is-0.7.0.tgz"
  "version" "0.7.0"

"ansi-escapes@^4.2.1":
  "integrity" "sha1-ayKR0dt9mLZSHV8e+kLQ86n+tl4="
  "resolved" "https://registry.nlark.com/ansi-escapes/download/ansi-escapes-4.3.2.tgz?cache=0&sync_timestamp=1618847144938&other_urls=https%3A%2F%2Fregistry.nlark.com%2Fansi-escapes%2Fdownload%2Fansi-escapes-4.3.2.tgz"
  "version" "4.3.2"
  dependencies:
    "type-fest" "^0.21.3"

"ansi-regex@^5.0.1":
  "integrity" "sha1-CCyyyJyf6GWaMRpTvWpNxTAdswQ="
  "resolved" "https://registry.nlark.com/ansi-regex/download/ansi-regex-5.0.1.tgz?cache=0&sync_timestamp=1631634988487&other_urls=https%3A%2F%2Fregistry.nlark.com%2Fansi-regex%2Fdownload%2Fansi-regex-5.0.1.tgz"
  "version" "5.0.1"

"ansi-styles@^4.1.0":
  "integrity" "sha1-7dgDYornHATIWuegkG7a00tkiTc="
  "resolved" "https://registry.nlark.com/ansi-styles/download/ansi-styles-4.3.0.tgz?cache=0&sync_timestamp=1618995588464&other_urls=https%3A%2F%2Fregistry.nlark.com%2Fansi-styles%2Fdownload%2Fansi-styles-4.3.0.tgz"
  "version" "4.3.0"
  dependencies:
    "color-convert" "^2.0.1"

"archive-type@^4.0.0":
  "integrity" "sha1-+S5yIzBW38aWlHJ0nCZ72wRrHXA="
  "resolved" "https://registry.npm.taobao.org/archive-type/download/archive-type-4.0.0.tgz"
  "version" "4.0.0"
  dependencies:
    "file-type" "^4.2.0"

"balanced-match@^1.0.0":
  "integrity" "sha1-6D46fj8wCzTLnYf2FfoMvzV2kO4="
  "resolved" "https://registry.npm.taobao.org/balanced-match/download/balanced-match-1.0.2.tgz?cache=0&sync_timestamp=1617714233441&other_urls=https%3A%2F%2Fregistry.npm.taobao.org%2Fbalanced-match%2Fdownload%2Fbalanced-match-1.0.2.tgz"
  "version" "1.0.2"

"base64-js@^1.3.1":
  "integrity" "sha1-GxtEAWClv3rUC2UPCVljSBkDkwo="
  "resolved" "https://registry.nlark.com/base64-js/download/base64-js-1.5.1.tgz"
  "version" "1.5.1"

"bl@^1.0.0":
  "integrity" "sha1-Ho3YAULqyA1xWMnczAR/tiDgNec="
  "resolved" "https://registry.nlark.com/bl/download/bl-1.2.3.tgz"
  "version" "1.2.3"
  dependencies:
    "readable-stream" "^2.3.5"
    "safe-buffer" "^5.1.1"

"bl@^4.1.0":
  "integrity" "sha1-RRU1JkGCvsL7vIOmKrmM8R2fezo="
  "resolved" "https://registry.nlark.com/bl/download/bl-4.1.0.tgz"
  "version" "4.1.0"
  dependencies:
    "buffer" "^5.5.0"
    "inherits" "^2.0.4"
    "readable-stream" "^3.4.0"

"brace-expansion@^1.1.7":
  "integrity" "sha1-PH/L9SnYcibz0vUrlm/1Jx60Qd0="
  "resolved" "https://registry.nlark.com/brace-expansion/download/brace-expansion-1.1.11.tgz"
  "version" "1.1.11"
  dependencies:
    "balanced-match" "^1.0.0"
    "concat-map" "0.0.1"

"buffer-alloc-unsafe@^1.1.0":
  "integrity" "sha1-vX3CauKXLQ7aJTvgYdupkjScGfA="
  "resolved" "https://registry.npm.taobao.org/buffer-alloc-unsafe/download/buffer-alloc-unsafe-1.1.0.tgz"
  "version" "1.1.0"

"buffer-alloc@^1.2.0":
  "integrity" "sha1-iQ3ZDZI6hz4I4Q5f1RpX5bfM4Ow="
  "resolved" "https://registry.nlark.com/buffer-alloc/download/buffer-alloc-1.2.0.tgz"
  "version" "1.2.0"
  dependencies:
    "buffer-alloc-unsafe" "^1.1.0"
    "buffer-fill" "^1.0.0"

"buffer-crc32@~0.2.3":
  "integrity" "sha1-DTM+PwDqxQqhRUq9MO+MKl2ackI="
  "resolved" "https://registry.npm.taobao.org/buffer-crc32/download/buffer-crc32-0.2.13.tgz"
  "version" "0.2.13"

"buffer-fill@^1.0.0":
  "integrity" "sha1-+PeLdniYiO858gXNY39o5wISKyw="
  "resolved" "https://registry.npm.taobao.org/buffer-fill/download/buffer-fill-1.0.0.tgz"
  "version" "1.0.0"

"buffer@^5.2.1", "buffer@^5.5.0":
  "integrity" "sha1-umLnwTEzBTWCGXFghRqPZI6Z7tA="
  "resolved" "https://registry.nlark.com/buffer/download/buffer-5.7.1.tgz"
  "version" "5.7.1"
  dependencies:
    "base64-js" "^1.3.1"
    "ieee754" "^1.1.13"

"cacheable-request@^2.1.1":
  "integrity" "sha1-DYCIAbY0KtM8kd+dC0TcCbkeXD0="
  "resolved" "https://registry.nlark.com/cacheable-request/download/cacheable-request-2.1.4.tgz"
  "version" "2.1.4"
  dependencies:
    "clone-response" "1.0.2"
    "get-stream" "3.0.0"
    "http-cache-semantics" "3.8.1"
    "keyv" "3.0.0"
    "lowercase-keys" "1.0.0"
    "normalize-url" "2.0.1"
    "responselike" "1.0.2"

"caw@^2.0.1":
  "integrity" "sha1-bDygcfwZRyCIPC3F2psHS/x+npU="
  "resolved" "https://registry.npm.taobao.org/caw/download/caw-2.0.1.tgz"
  "version" "2.0.1"
  dependencies:
    "get-proxy" "^2.0.0"
    "isurl" "^1.0.0-alpha5"
    "tunnel-agent" "^0.6.0"
    "url-to-options" "^1.0.1"

"chalk@^4.1.0", "chalk@^4.1.1", "chalk@^4.1.2":
  "integrity" "sha1-qsTit3NKdAhnrrFr8CqtVWoeegE="
  "resolved" "https://registry.nlark.com/chalk/download/chalk-4.1.2.tgz?cache=0&sync_timestamp=1627646655305&other_urls=https%3A%2F%2Fregistry.nlark.com%2Fchalk%2Fdownload%2Fchalk-4.1.2.tgz"
  "version" "4.1.2"
  dependencies:
    "ansi-styles" "^4.1.0"
    "supports-color" "^7.1.0"

"chardet@^0.7.0":
  "integrity" "sha1-kAlISfCTfy7twkJdDSip5fDLrZ4="
  "resolved" "https://registry.npmmirror.com/chardet/download/chardet-0.7.0.tgz?cache=0&sync_timestamp=1634639141514&other_urls=https%3A%2F%2Fregistry.npmmirror.com%2Fchardet%2Fdownload%2Fchardet-0.7.0.tgz"
  "version" "0.7.0"

"cli-cursor@^3.1.0":
  "integrity" "sha1-JkMFp65JDR0Dvwybp8kl0XU68wc="
  "resolved" "https://registry.nlark.com/cli-cursor/download/cli-cursor-3.1.0.tgz?cache=0&sync_timestamp=1629747366550&other_urls=https%3A%2F%2Fregistry.nlark.com%2Fcli-cursor%2Fdownload%2Fcli-cursor-3.1.0.tgz"
  "version" "3.1.0"
  dependencies:
    "restore-cursor" "^3.1.0"

"cli-spinners@^2.5.0":
  "integrity" "sha1-rclU6+KBw3pjGb+kAebdJIj/tw0="
  "resolved" "https://registry.npmmirror.com/cli-spinners/download/cli-spinners-2.6.1.tgz"
  "version" "2.6.1"

"cli-width@^3.0.0":
  "integrity" "sha1-ovSEN6LKqaIkNueUvwceyeYc7fY="
  "resolved" "https://registry.nlark.com/cli-width/download/cli-width-3.0.0.tgz"
  "version" "3.0.0"

"clone-response@1.0.2":
  "integrity" "sha1-0dyXOSAxTfZ/vrlCI7TuNQI56Ws="
  "resolved" "https://registry.npm.taobao.org/clone-response/download/clone-response-1.0.2.tgz"
  "version" "1.0.2"
  dependencies:
    "mimic-response" "^1.0.0"

"clone@^1.0.2":
  "integrity" "sha1-2jCcwmPfFZlMaIypAheco8fNfH4="
  "resolved" "https://registry.nlark.com/clone/download/clone-1.0.4.tgz"
  "version" "1.0.4"

"color-convert@^2.0.1":
  "integrity" "sha1-ctOmjVmMm9s68q0ehPIdiWq9TeM="
  "resolved" "https://registry.nlark.com/color-convert/download/color-convert-2.0.1.tgz"
  "version" "2.0.1"
  dependencies:
    "color-name" "~1.1.4"

"color-name@~1.1.4":
  "integrity" "sha1-wqCah6y95pVD3m9j+jmVyCbFNqI="
  "resolved" "https://registry.npm.taobao.org/color-name/download/color-name-1.1.4.tgz"
  "version" "1.1.4"

"commander@^2.8.1":
  "integrity" "sha1-/UhehMA+tIgcIHIrpIA16FMa6zM="
  "resolved" "https://registry.npmmirror.com/commander/download/commander-2.20.3.tgz?cache=0&sync_timestamp=1634886396986&other_urls=https%3A%2F%2Fregistry.npmmirror.com%2Fcommander%2Fdownload%2Fcommander-2.20.3.tgz"
  "version" "2.20.3"

"commander@^8.3.0":
  "integrity" "sha1-SDfqGy2me5xhamevuw+v7lZ7ymY="
  "resolved" "https://registry.npmmirror.com/commander/download/commander-8.3.0.tgz?cache=0&sync_timestamp=1634886396986&other_urls=https%3A%2F%2Fregistry.npmmirror.com%2Fcommander%2Fdownload%2Fcommander-8.3.0.tgz"
  "version" "8.3.0"

"concat-map@0.0.1":
  "integrity" "sha1-2Klr13/Wjfd5OnMDajug1UBdR3s="
  "resolved" "https://registry.npm.taobao.org/concat-map/download/concat-map-0.0.1.tgz"
  "version" "0.0.1"

"config-chain@^1.1.11":
  "integrity" "sha1-+tB5Wqamza/57Rto6d/5Q3LCMvQ="
  "resolved" "https://registry.nlark.com/config-chain/download/config-chain-1.1.13.tgz?cache=0&sync_timestamp=1622745851079&other_urls=https%3A%2F%2Fregistry.nlark.com%2Fconfig-chain%2Fdownload%2Fconfig-chain-1.1.13.tgz"
  "version" "1.1.13"
  dependencies:
    "ini" "^1.3.4"
    "proto-list" "~1.2.1"

"content-disposition@^0.5.2":
  "integrity" "sha1-4TDK9+cnkIfFYWwgB9BIVpiYT70="
  "resolved" "https://registry.nlark.com/content-disposition/download/content-disposition-0.5.3.tgz"
  "version" "0.5.3"
  dependencies:
    "safe-buffer" "5.1.2"

"core-util-is@~1.0.0":
  "integrity" "sha1-pgQtNjTCsn6TKPg3uWX6yDgI24U="
  "resolved" "https://registry.nlark.com/core-util-is/download/core-util-is-1.0.3.tgz"
  "version" "1.0.3"

"cross-spawn@^7.0.3":
  "integrity" "sha1-9zqFudXUHQRVUcF34ogtSshXKKY="
  "resolved" "https://registry.nlark.com/cross-spawn/download/cross-spawn-7.0.3.tgz"
  "version" "7.0.3"
  dependencies:
    "path-key" "^3.1.0"
    "shebang-command" "^2.0.0"
    "which" "^2.0.1"

"decode-uri-component@^0.2.0":
  "integrity" "sha1-6zkTMzRYd1y4TNGh+uBiEGu4dUU="
  "resolved" "https://registry.nlark.com/decode-uri-component/download/decode-uri-component-0.2.0.tgz"
  "version" "0.2.0"

"decompress-response@^3.3.0":
  "integrity" "sha1-gKTdMjdIOEv6JICDYirt7Jgq3/M="
  "resolved" "https://registry.npm.taobao.org/decompress-response/download/decompress-response-3.3.0.tgz?cache=0&sync_timestamp=1613125280468&other_urls=https%3A%2F%2Fregistry.npm.taobao.org%2Fdecompress-response%2Fdownload%2Fdecompress-response-3.3.0.tgz"
  "version" "3.3.0"
  dependencies:
    "mimic-response" "^1.0.0"

"decompress-tar@^4.0.0", "decompress-tar@^4.1.0", "decompress-tar@^4.1.1":
  "integrity" "sha1-cYy9P8sWIJcW5womuE57pFkuWvE="
  "resolved" "https://registry.npm.taobao.org/decompress-tar/download/decompress-tar-4.1.1.tgz"
  "version" "4.1.1"
  dependencies:
    "file-type" "^5.2.0"
    "is-stream" "^1.1.0"
    "tar-stream" "^1.5.2"

"decompress-tarbz2@^4.0.0":
  "integrity" "sha1-MIKluIDqQEOBY0nzeLVsUWvho5s="
  "resolved" "https://registry.npm.taobao.org/decompress-tarbz2/download/decompress-tarbz2-4.1.1.tgz"
  "version" "4.1.1"
  dependencies:
    "decompress-tar" "^4.1.0"
    "file-type" "^6.1.0"
    "is-stream" "^1.1.0"
    "seek-bzip" "^1.0.5"
    "unbzip2-stream" "^1.0.9"

"decompress-targz@^4.0.0":
  "integrity" "sha1-wJvDXE0R894J8tLaU+neI+fOHu4="
  "resolved" "https://registry.npm.taobao.org/decompress-targz/download/decompress-targz-4.1.1.tgz"
  "version" "4.1.1"
  dependencies:
    "decompress-tar" "^4.1.1"
    "file-type" "^5.2.0"
    "is-stream" "^1.1.0"

"decompress-unzip@^4.0.1":
  "integrity" "sha1-3qrM39FK6vhVePczroIQ+bSEj2k="
  "resolved" "https://registry.npm.taobao.org/decompress-unzip/download/decompress-unzip-4.0.1.tgz"
  "version" "4.0.1"
  dependencies:
    "file-type" "^3.8.0"
    "get-stream" "^2.2.0"
    "pify" "^2.3.0"
    "yauzl" "^2.4.2"

"decompress@^4.2.0":
  "integrity" "sha1-AH9VzGpiwFWvo3wH62pO4bdz8Rg="
  "resolved" "https://registry.nlark.com/decompress/download/decompress-4.2.1.tgz"
  "version" "4.2.1"
  dependencies:
    "decompress-tar" "^4.0.0"
    "decompress-tarbz2" "^4.0.0"
    "decompress-targz" "^4.0.0"
    "decompress-unzip" "^4.0.1"
    "graceful-fs" "^4.1.10"
    "make-dir" "^1.0.0"
    "pify" "^2.3.0"
    "strip-dirs" "^2.0.0"

"defaults@^1.0.3":
  "integrity" "sha1-xlYFHpgX2f8I7YgUd/P+QBnz730="
  "resolved" "https://registry.nlark.com/defaults/download/defaults-1.0.3.tgz"
  "version" "1.0.3"
  dependencies:
    "clone" "^1.0.2"

"download-git-repo@^3.0.2":
  "integrity" "sha1-jKriT7Kr1kUxct7qVhkDYCTxkPY="
  "resolved" "https://registry.npm.taobao.org/download-git-repo/download/download-git-repo-3.0.2.tgz"
  "version" "3.0.2"
  dependencies:
    "download" "^7.1.0"
    "git-clone" "^0.1.0"
    "rimraf" "^3.0.0"

"download@^7.1.0":
  "integrity" "sha1-kFmqnXC1A+52oTKJe+beyOVYcjM="
  "resolved" "https://registry.nlark.com/download/download/download-7.1.0.tgz"
  "version" "7.1.0"
  dependencies:
    "archive-type" "^4.0.0"
    "caw" "^2.0.1"
    "content-disposition" "^0.5.2"
    "decompress" "^4.2.0"
    "ext-name" "^5.0.0"
    "file-type" "^8.1.0"
    "filenamify" "^2.0.0"
    "get-stream" "^3.0.0"
    "got" "^8.3.1"
    "make-dir" "^1.2.0"
    "p-event" "^2.1.0"
    "pify" "^3.0.0"

"duplexer3@^0.1.4":
  "integrity" "sha1-7gHdHKwO08vH/b6jfcCo8c4ALOI="
  "resolved" "https://registry.npmmirror.com/duplexer3/download/duplexer3-0.1.4.tgz"
  "version" "0.1.4"

"emoji-regex@^8.0.0":
  "integrity" "sha1-6Bj9ac5cz8tARZT4QpY79TFkzDc="
  "resolved" "https://registry.npmmirror.com/emoji-regex/download/emoji-regex-8.0.0.tgz?cache=0&sync_timestamp=1632811716250&other_urls=https%3A%2F%2Fregistry.npmmirror.com%2Femoji-regex%2Fdownload%2Femoji-regex-8.0.0.tgz"
  "version" "8.0.0"

"end-of-stream@^1.0.0":
  "integrity" "sha1-WuZKX0UFe682JuwU2gyl5LJDHrA="
  "resolved" "https://registry.nlark.com/end-of-stream/download/end-of-stream-1.4.4.tgz"
  "version" "1.4.4"
  dependencies:
    "once" "^1.4.0"

"escape-string-regexp@^1.0.2", "escape-string-regexp@^1.0.5":
  "integrity" "sha1-G2HAViGQqN/2rjuyzwIAyhMLhtQ="
  "resolved" "https://registry.nlark.com/escape-string-regexp/download/escape-string-regexp-1.0.5.tgz"
  "version" "1.0.5"

"ext-list@^2.0.0":
  "integrity" "sha1-C5jmTtgvWs8PKTG6v2khLvUt3Tc="
  "resolved" "https://registry.npm.taobao.org/ext-list/download/ext-list-2.2.2.tgz"
  "version" "2.2.2"
  dependencies:
    "mime-db" "^1.28.0"

"ext-name@^5.0.0":
  "integrity" "sha1-cHgZgdGD7hXROZPIgiBFxQbI8KY="
  "resolved" "https://registry.nlark.com/ext-name/download/ext-name-5.0.0.tgz"
  "version" "5.0.0"
  dependencies:
    "ext-list" "^2.0.0"
    "sort-keys-length" "^1.0.0"

"external-editor@^3.0.3":
  "integrity" "sha1-ywP3QL764D6k0oPK7SdBqD8zVJU="
  "resolved" "https://registry.nlark.com/external-editor/download/external-editor-3.1.0.tgz"
  "version" "3.1.0"
  dependencies:
    "chardet" "^0.7.0"
    "iconv-lite" "^0.4.24"
    "tmp" "^0.0.33"

"fd-slicer@~1.1.0":
  "integrity" "sha1-JcfInLH5B3+IkbvmHY85Dq4lbx4="
  "resolved" "https://registry.npm.taobao.org/fd-slicer/download/fd-slicer-1.1.0.tgz"
  "version" "1.1.0"
  dependencies:
    "pend" "~1.2.0"

"figlet@^1.5.2":
  "integrity" "sha1-3aNP8jPJpI42/P9nQa61uv5JtjQ="
  "resolved" "https://registry.nlark.com/figlet/download/figlet-1.5.2.tgz?cache=0&sync_timestamp=1628740525161&other_urls=https%3A%2F%2Fregistry.nlark.com%2Ffiglet%2Fdownload%2Ffiglet-1.5.2.tgz"
  "version" "1.5.2"

"figures@^3.0.0":
  "integrity" "sha1-YlwYvSk8YE3EqN2y/r8MiDQXRq8="
  "resolved" "https://registry.nlark.com/figures/download/figures-3.2.0.tgz?cache=0&sync_timestamp=1625254307578&other_urls=https%3A%2F%2Fregistry.nlark.com%2Ffigures%2Fdownload%2Ffigures-3.2.0.tgz"
  "version" "3.2.0"
  dependencies:
    "escape-string-regexp" "^1.0.5"

"file-type@^3.8.0":
  "integrity" "sha1-JXoHg4TR24CHvESdEH1SpSZyuek="
  "resolved" "https://registry.nlark.com/file-type/download/file-type-3.9.0.tgz?cache=0&other_urls=https%3A%2F%2Fregistry.nlark.com%2Ffile-type%2Fdownload%2Ffile-type-3.9.0.tgz"
  "version" "3.9.0"

"file-type@^4.2.0":
  "integrity" "sha1-G2AOX8ofvcboDApwxxyNul95BsU="
  "resolved" "https://registry.nlark.com/file-type/download/file-type-4.4.0.tgz?cache=0&other_urls=https%3A%2F%2Fregistry.nlark.com%2Ffile-type%2Fdownload%2Ffile-type-4.4.0.tgz"
  "version" "4.4.0"

"file-type@^5.2.0":
  "integrity" "sha1-LdvqfHP/42No365J3DOMBYwritY="
  "resolved" "https://registry.nlark.com/file-type/download/file-type-5.2.0.tgz?cache=0&other_urls=https%3A%2F%2Fregistry.nlark.com%2Ffile-type%2Fdownload%2Ffile-type-5.2.0.tgz"
  "version" "5.2.0"

"file-type@^6.1.0":
  "integrity" "sha1-5QzXXTVv/tTjBtxPW89Sp5kDqRk="
  "resolved" "https://registry.nlark.com/file-type/download/file-type-6.2.0.tgz?cache=0&other_urls=https%3A%2F%2Fregistry.nlark.com%2Ffile-type%2Fdownload%2Ffile-type-6.2.0.tgz"
  "version" "6.2.0"

"file-type@^8.1.0":
  "integrity" "sha1-JE87fvZBu+DMoZbHJ25LMyOZ9ow="
  "resolved" "https://registry.nlark.com/file-type/download/file-type-8.1.0.tgz?cache=0&other_urls=https%3A%2F%2Fregistry.nlark.com%2Ffile-type%2Fdownload%2Ffile-type-8.1.0.tgz"
  "version" "8.1.0"

"filename-reserved-regex@^2.0.0":
  "integrity" "sha1-q/c9+rc10EVECr/qLZHzieu/oik="
  "resolved" "https://registry.nlark.com/filename-reserved-regex/download/filename-reserved-regex-2.0.0.tgz"
  "version" "2.0.0"

"filenamify@^2.0.0":
  "integrity" "sha1-iPr0lfsbR6v9YSMAACoWIoxnfuk="
  "resolved" "https://registry.npmmirror.com/filenamify/download/filenamify-2.1.0.tgz?cache=0&sync_timestamp=1634472792719&other_urls=https%3A%2F%2Fregistry.npmmirror.com%2Ffilenamify%2Fdownload%2Ffilenamify-2.1.0.tgz"
  "version" "2.1.0"
  dependencies:
    "filename-reserved-regex" "^2.0.0"
    "strip-outer" "^1.0.0"
    "trim-repeated" "^1.0.0"

"from2@^2.1.1":
  "integrity" "sha1-i/tVAr3kpNNs/e6gB/zKIdfjgq8="
  "resolved" "https://registry.nlark.com/from2/download/from2-2.3.0.tgz"
  "version" "2.3.0"
  dependencies:
    "inherits" "^2.0.1"
    "readable-stream" "^2.0.0"

"fs-constants@^1.0.0":
  "integrity" "sha1-a+Dem+mYzhavivwkSXue6bfM2a0="
  "resolved" "https://registry.npm.taobao.org/fs-constants/download/fs-constants-1.0.0.tgz"
  "version" "1.0.0"

"fs.realpath@^1.0.0":
  "integrity" "sha1-FQStJSMVjKpA20onh8sBQRmU6k8="
  "resolved" "https://registry.nlark.com/fs.realpath/download/fs.realpath-1.0.0.tgz"
  "version" "1.0.0"

"get-proxy@^2.0.0":
  "integrity" "sha1-NJ8rTZHUTE1NTpy6KtkBQ/rF75M="
  "resolved" "https://registry.npm.taobao.org/get-proxy/download/get-proxy-2.1.0.tgz"
  "version" "2.1.0"
  dependencies:
    "npm-conf" "^1.1.0"

"get-stream@^2.2.0":
  "integrity" "sha1-Xzj5PzRgCWZu4BUKBUFn+Rvdld4="
  "resolved" "https://registry.npm.taobao.org/get-stream/download/get-stream-2.3.1.tgz"
  "version" "2.3.1"
  dependencies:
    "object-assign" "^4.0.1"
    "pinkie-promise" "^2.0.0"

"get-stream@^3.0.0", "get-stream@3.0.0":
  "integrity" "sha1-jpQ9E1jcN1VQVOy+LtsFqhdO3hQ="
  "resolved" "https://registry.npm.taobao.org/get-stream/download/get-stream-3.0.0.tgz"
  "version" "3.0.0"

"git-clone@^0.1.0":
  "integrity" "sha1-DXYWN3gJOu9/HDAjjyqe8/B6Lrk="
  "resolved" "https://registry.npmmirror.com/git-clone/download/git-clone-0.1.0.tgz"
  "version" "0.1.0"

"glob@^7.1.3":
  "integrity" "sha1-0VU1r3cy4C6Uj0xBYovZECk/YCM="
  "resolved" "https://registry.npmmirror.com/glob/download/glob-7.2.0.tgz"
  "version" "7.2.0"
  dependencies:
    "fs.realpath" "^1.0.0"
    "inflight" "^1.0.4"
    "inherits" "2"
    "minimatch" "^3.0.4"
    "once" "^1.3.0"
    "path-is-absolute" "^1.0.0"

"got@^8.3.1":
  "integrity" "sha1-HSP2Q5Dpf3dsrFLluTbl9RTS6Tc="
  "resolved" "https://registry.nlark.com/got/download/got-8.3.2.tgz?cache=0&sync_timestamp=1628752491100&other_urls=https%3A%2F%2Fregistry.nlark.com%2Fgot%2Fdownload%2Fgot-8.3.2.tgz"
  "version" "8.3.2"
  dependencies:
    "@sindresorhus/is" "^0.7.0"
    "cacheable-request" "^2.1.1"
    "decompress-response" "^3.3.0"
    "duplexer3" "^0.1.4"
    "get-stream" "^3.0.0"
    "into-stream" "^3.1.0"
    "is-retry-allowed" "^1.1.0"
    "isurl" "^1.0.0-alpha5"
    "lowercase-keys" "^1.0.0"
    "mimic-response" "^1.0.0"
    "p-cancelable" "^0.4.0"
    "p-timeout" "^2.0.1"
    "pify" "^3.0.0"
    "safe-buffer" "^5.1.1"
    "timed-out" "^4.0.1"
    "url-parse-lax" "^3.0.0"
    "url-to-options" "^1.0.1"

"graceful-fs@^4.1.10":
  "integrity" "sha1-5BK40z9eAGWTy9PO5t+fLOu+gCo="
  "resolved" "https://registry.npmmirror.com/graceful-fs/download/graceful-fs-4.2.8.tgz"
  "version" "4.2.8"

"has-flag@^4.0.0":
  "integrity" "sha1-lEdx/ZyByBJlxNaUGGDaBrtZR5s="
  "resolved" "https://registry.nlark.com/has-flag/download/has-flag-4.0.0.tgz?cache=0&sync_timestamp=1626715907927&other_urls=https%3A%2F%2Fregistry.nlark.com%2Fhas-flag%2Fdownload%2Fhas-flag-4.0.0.tgz"
  "version" "4.0.0"

"has-symbol-support-x@^1.4.1":
  "integrity" "sha1-FAn5i8ACR9pF2mfO4KNvKC/yZFU="
  "resolved" "https://registry.npm.taobao.org/has-symbol-support-x/download/has-symbol-support-x-1.4.2.tgz"
  "version" "1.4.2"

"has-to-string-tag-x@^1.2.0":
  "integrity" "sha1-oEWrOD17SyASoAFIqwql8pAETU0="
  "resolved" "https://registry.npm.taobao.org/has-to-string-tag-x/download/has-to-string-tag-x-1.4.1.tgz"
  "version" "1.4.1"
  dependencies:
    "has-symbol-support-x" "^1.4.1"

"http-cache-semantics@3.8.1":
  "integrity" "sha1-ObDhat2bYFvwqe89nar0hDtMrNI="
  "resolved" "https://registry.nlark.com/http-cache-semantics/download/http-cache-semantics-3.8.1.tgz"
  "version" "3.8.1"

"iconv-lite@^0.4.24":
  "integrity" "sha1-ICK0sl+93CHS9SSXSkdKr+czkIs="
  "resolved" "https://registry.nlark.com/iconv-lite/download/iconv-lite-0.4.24.tgz?cache=0&sync_timestamp=1621826342262&other_urls=https%3A%2F%2Fregistry.nlark.com%2Ficonv-lite%2Fdownload%2Ficonv-lite-0.4.24.tgz"
  "version" "0.4.24"
  dependencies:
    "safer-buffer" ">= 2.1.2 < 3"

"ieee754@^1.1.13":
  "integrity" "sha1-jrehCmP/8l0VpXsAFYbRd9Gw01I="
  "resolved" "https://registry.nlark.com/ieee754/download/ieee754-1.2.1.tgz"
  "version" "1.2.1"

"inflight@^1.0.4":
  "integrity" "sha1-Sb1jMdfQLQwJvJEKEHW6gWW1bfk="
  "resolved" "https://registry.npm.taobao.org/inflight/download/inflight-1.0.6.tgz"
  "version" "1.0.6"
  dependencies:
    "once" "^1.3.0"
    "wrappy" "1"

"inherits@^2.0.1", "inherits@^2.0.3", "inherits@^2.0.4", "inherits@~2.0.3", "inherits@2":
  "integrity" "sha1-D6LGT5MpF8NDOg3tVTY6rjdBa3w="
  "resolved" "https://registry.nlark.com/inherits/download/inherits-2.0.4.tgz"
  "version" "2.0.4"

"ini@^1.3.4":
  "integrity" "sha1-op2kJbSIBvNHZ6Tvzjlyaa8oQyw="
  "resolved" "https://registry.nlark.com/ini/download/ini-1.3.8.tgz"
  "version" "1.3.8"

"inquirer@^8.2.0":
  "integrity" "sha1-9E8AjdNEu/xLMAMfRdmE4DSjrDo="
  "resolved" "https://registry.npmmirror.com/inquirer/download/inquirer-8.2.0.tgz?cache=0&sync_timestamp=1633472834271&other_urls=https%3A%2F%2Fregistry.npmmirror.com%2Finquirer%2Fdownload%2Finquirer-8.2.0.tgz"
  "version" "8.2.0"
  dependencies:
    "ansi-escapes" "^4.2.1"
    "chalk" "^4.1.1"
    "cli-cursor" "^3.1.0"
    "cli-width" "^3.0.0"
    "external-editor" "^3.0.3"
    "figures" "^3.0.0"
    "lodash" "^4.17.21"
    "mute-stream" "0.0.8"
    "ora" "^5.4.1"
    "run-async" "^2.4.0"
    "rxjs" "^7.2.0"
    "string-width" "^4.1.0"
    "strip-ansi" "^6.0.0"
    "through" "^2.3.6"

"into-stream@^3.1.0":
  "integrity" "sha1-lvsKk2wSur1v8XUqF9BWFqvQlMY="
  "resolved" "https://registry.npm.taobao.org/into-stream/download/into-stream-3.1.0.tgz"
  "version" "3.1.0"
  dependencies:
    "from2" "^2.1.1"
    "p-is-promise" "^1.1.0"

"is-fullwidth-code-point@^3.0.0":
  "integrity" "sha1-8Rb4Bk/pCz94RKOJl8C3UFEmnx0="
  "resolved" "https://registry.nlark.com/is-fullwidth-code-point/download/is-fullwidth-code-point-3.0.0.tgz"
  "version" "3.0.0"

"is-interactive@^1.0.0":
  "integrity" "sha1-zqbmrlyHCnsKAAQHC3tYfgJSkS4="
  "resolved" "https://registry.nlark.com/is-interactive/download/is-interactive-1.0.0.tgz"
  "version" "1.0.0"

"is-natural-number@^4.0.1":
  "integrity" "sha1-q5124dtM7VHjXeDHLr7PCfc0zeg="
  "resolved" "https://registry.npm.taobao.org/is-natural-number/download/is-natural-number-4.0.1.tgz"
  "version" "4.0.1"

"is-object@^1.0.1":
  "integrity" "sha1-pWVS4cZlyelQtKAlRh2ofnL4b88="
  "resolved" "https://registry.npm.taobao.org/is-object/download/is-object-1.0.2.tgz"
  "version" "1.0.2"

"is-plain-obj@^1.0.0":
  "integrity" "sha1-caUMhCnfync8kqOQpKA7OfzVHT4="
  "resolved" "https://registry.nlark.com/is-plain-obj/download/is-plain-obj-1.1.0.tgz"
  "version" "1.1.0"

"is-retry-allowed@^1.1.0":
  "integrity" "sha1-13hIi9CkZmo76KFIK58rqv7eqLQ="
  "resolved" "https://registry.npm.taobao.org/is-retry-allowed/download/is-retry-allowed-1.2.0.tgz?cache=0&sync_timestamp=1618646442055&other_urls=https%3A%2F%2Fregistry.npm.taobao.org%2Fis-retry-allowed%2Fdownload%2Fis-retry-allowed-1.2.0.tgz"
  "version" "1.2.0"

"is-stream@^1.1.0":
  "integrity" "sha1-EtSj3U5o4Lec6428hBc66A2RykQ="
  "resolved" "https://registry.nlark.com/is-stream/download/is-stream-1.1.0.tgz"
  "version" "1.1.0"

"is-unicode-supported@^0.1.0":
  "integrity" "sha1-PybHaoCVk7Ur+i7LVxDtJ3m1Iqc="
  "resolved" "https://registry.nlark.com/is-unicode-supported/download/is-unicode-supported-0.1.0.tgz?cache=0&sync_timestamp=1625294010675&other_urls=https%3A%2F%2Fregistry.nlark.com%2Fis-unicode-supported%2Fdownload%2Fis-unicode-supported-0.1.0.tgz"
  "version" "0.1.0"

"isarray@~1.0.0":
  "integrity" "sha1-u5NdSFgsuhaMBoNJV6VKPgcSTxE="
  "resolved" "https://registry.nlark.com/isarray/download/isarray-1.0.0.tgz"
  "version" "1.0.0"

"isexe@^2.0.0":
  "integrity" "sha1-6PvzdNxVb/iUehDcsFctYz8s+hA="
  "resolved" "https://registry.npm.taobao.org/isexe/download/isexe-2.0.0.tgz"
  "version" "2.0.0"

"isurl@^1.0.0-alpha5":
  "integrity" "sha1-sn9PSfPNqj6kSgpbfzRi5u3DnWc="
  "resolved" "https://registry.npm.taobao.org/isurl/download/isurl-1.0.0.tgz"
  "version" "1.0.0"
  dependencies:
    "has-to-string-tag-x" "^1.2.0"
    "is-object" "^1.0.1"

"json-buffer@3.0.0":
  "integrity" "sha1-Wx85evx11ne96Lz8Dkfh+aPZqJg="
  "resolved" "https://registry.npm.taobao.org/json-buffer/download/json-buffer-3.0.0.tgz"
  "version" "3.0.0"

"keyv@3.0.0":
  "integrity" "sha1-RJI7o55osSp87H32wyaMAx8u83M="
  "resolved" "https://registry.npmmirror.com/keyv/download/keyv-3.0.0.tgz?cache=0&sync_timestamp=1635869457125&other_urls=https%3A%2F%2Fregistry.npmmirror.com%2Fkeyv%2Fdownload%2Fkeyv-3.0.0.tgz"
  "version" "3.0.0"
  dependencies:
    "json-buffer" "3.0.0"

"lodash@^4.17.21":
  "integrity" "sha1-Z5WRxWTDv/quhFTPCz3zcMPWkRw="
  "resolved" "https://registry.nlark.com/lodash/download/lodash-4.17.21.tgz"
  "version" "4.17.21"

"log-symbols@^4.1.0":
  "integrity" "sha1-P727lbRoOsn8eFER55LlWNSr1QM="
  "resolved" "https://registry.nlark.com/log-symbols/download/log-symbols-4.1.0.tgz"
  "version" "4.1.0"
  dependencies:
    "chalk" "^4.1.0"
    "is-unicode-supported" "^0.1.0"

"lowercase-keys@^1.0.0":
  "integrity" "sha1-b54wtHCE2XGnyCD/FabFFnt0wm8="
  "resolved" "https://registry.npmmirror.com/lowercase-keys/download/lowercase-keys-1.0.1.tgz"
  "version" "1.0.1"

"lowercase-keys@1.0.0":
  "integrity" "sha1-TjNms55/VFfjXxMkvfb4jQv8cwY="
  "resolved" "https://registry.npmmirror.com/lowercase-keys/download/lowercase-keys-1.0.0.tgz"
  "version" "1.0.0"

"make-dir@^1.0.0", "make-dir@^1.2.0":
  "integrity" "sha1-ecEDO4BRW9bSTsmTPoYMp17ifww="
  "resolved" "https://registry.nlark.com/make-dir/download/make-dir-1.3.0.tgz"
  "version" "1.3.0"
  dependencies:
    "pify" "^3.0.0"

"mime-db@^1.28.0":
  "integrity" "sha512-5y8A56jg7XVQx2mbv1lu49NR4dokRnhZYTtL+KGfaa27uq4pSTXkwQkFJl4pkRMyNFz/EtYDSkiiEHx3F7UN6g=="
  "resolved" "https://registry.npmmirror.com/mime-db/download/mime-db-1.51.0.tgz?cache=0&sync_timestamp=1636425932298&other_urls=https%3A%2F%2Fregistry.npmmirror.com%2Fmime-db%2Fdownload%2Fmime-db-1.51.0.tgz"
  "version" "1.51.0"

"mimic-fn@^2.1.0":
  "integrity" "sha1-ftLCzMyvhNP/y3pptXcR/CCDQBs="
  "resolved" "https://registry.nlark.com/mimic-fn/download/mimic-fn-2.1.0.tgz"
  "version" "2.1.0"

"mimic-response@^1.0.0":
  "integrity" "sha1-SSNTiHju9CBjy4o+OweYeBSHqxs="
  "resolved" "https://registry.nlark.com/mimic-response/download/mimic-response-1.0.1.tgz?cache=0&sync_timestamp=1628692524926&other_urls=https%3A%2F%2Fregistry.nlark.com%2Fmimic-response%2Fdownload%2Fmimic-response-1.0.1.tgz"
  "version" "1.0.1"

"minimatch@^3.0.4":
  "integrity" "sha1-UWbihkV/AzBgZL5Ul+jbsMPTIIM="
  "resolved" "https://registry.npm.taobao.org/minimatch/download/minimatch-3.0.4.tgz"
  "version" "3.0.4"
  dependencies:
    "brace-expansion" "^1.1.7"

"mute-stream@0.0.8":
  "integrity" "sha1-FjDEKyJR/4HiooPelqVJfqkuXg0="
  "resolved" "https://registry.nlark.com/mute-stream/download/mute-stream-0.0.8.tgz"
  "version" "0.0.8"

"normalize-url@2.0.1":
  "integrity" "sha1-g1qdoVUfom9w6SMpBpojqmV01+Y="
  "resolved" "https://registry.nlark.com/normalize-url/download/normalize-url-2.0.1.tgz"
  "version" "2.0.1"
  dependencies:
    "prepend-http" "^2.0.0"
    "query-string" "^5.0.1"
    "sort-keys" "^2.0.0"

"npm-conf@^1.1.0":
  "integrity" "sha1-JWzEe9DiGMJZxOlVC/QTvCGSr/k="
  "resolved" "https://registry.npm.taobao.org/npm-conf/download/npm-conf-1.1.3.tgz"
  "version" "1.1.3"
  dependencies:
    "config-chain" "^1.1.11"
    "pify" "^3.0.0"

"object-assign@^4.0.1", "object-assign@^4.1.0":
  "integrity" "sha1-IQmtx5ZYh8/AXLvUQsrIv7s2CGM="
  "resolved" "https://registry.nlark.com/object-assign/download/object-assign-4.1.1.tgz?cache=0&sync_timestamp=1618847240432&other_urls=https%3A%2F%2Fregistry.nlark.com%2Fobject-assign%2Fdownload%2Fobject-assign-4.1.1.tgz"
  "version" "4.1.1"

"once@^1.3.0", "once@^1.4.0":
  "integrity" "sha1-WDsap3WWHUsROsF9nFC6753Xa9E="
  "resolved" "https://registry.nlark.com/once/download/once-1.4.0.tgz"
  "version" "1.4.0"
  dependencies:
    "wrappy" "1"

"onetime@^5.1.0":
  "integrity" "sha1-0Oluu1awdHbfHdnEgG5SN5hcpF4="
  "resolved" "https://registry.nlark.com/onetime/download/onetime-5.1.2.tgz"
  "version" "5.1.2"
  dependencies:
    "mimic-fn" "^2.1.0"

"ora@^5.4.1":
  "integrity" "sha1-GyZ4Qmr0rEpQkAjl5KyemVnbnhg="
  "resolved" "https://registry.nlark.com/ora/download/ora-5.4.1.tgz?cache=0&sync_timestamp=1631556513877&other_urls=https%3A%2F%2Fregistry.nlark.com%2Fora%2Fdownload%2Fora-5.4.1.tgz"
  "version" "5.4.1"
  dependencies:
    "bl" "^4.1.0"
    "chalk" "^4.1.0"
    "cli-cursor" "^3.1.0"
    "cli-spinners" "^2.5.0"
    "is-interactive" "^1.0.0"
    "is-unicode-supported" "^0.1.0"
    "log-symbols" "^4.1.0"
    "strip-ansi" "^6.0.0"
    "wcwidth" "^1.0.1"

"os-tmpdir@~1.0.2":
  "integrity" "sha1-u+Z0BseaqFxc/sdm/lc0VV36EnQ="
  "resolved" "https://registry.npm.taobao.org/os-tmpdir/download/os-tmpdir-1.0.2.tgz"
  "version" "1.0.2"

"p-cancelable@^0.4.0":
  "integrity" "sha1-NfNj1n1SCByNlYXje8zrfgu8sqA="
  "resolved" "https://registry.nlark.com/p-cancelable/download/p-cancelable-0.4.1.tgz"
  "version" "0.4.1"

"p-event@^2.1.0":
  "integrity" "sha1-WWJ57xaassPgyuiMHPuwgHmZPvY="
  "resolved" "https://registry.npmmirror.com/p-event/download/p-event-2.3.1.tgz"
  "version" "2.3.1"
  dependencies:
    "p-timeout" "^2.0.1"

"p-finally@^1.0.0":
  "integrity" "sha1-P7z7FbiZpEEjs0ttzBi3JDNqLK4="
  "resolved" "https://registry.npm.taobao.org/p-finally/download/p-finally-1.0.0.tgz?cache=0&sync_timestamp=1617947695861&other_urls=https%3A%2F%2Fregistry.npm.taobao.org%2Fp-finally%2Fdownload%2Fp-finally-1.0.0.tgz"
  "version" "1.0.0"

"p-is-promise@^1.1.0":
  "integrity" "sha1-nJRWmJ6fZYgBewQ01WCXZ1w9oF4="
  "resolved" "https://registry.nlark.com/p-is-promise/download/p-is-promise-1.1.0.tgz"
  "version" "1.1.0"

"p-timeout@^2.0.1":
  "integrity" "sha1-2N0ZeVldLcATnh/ka4tkbLPN8Dg="
  "resolved" "https://registry.npmmirror.com/p-timeout/download/p-timeout-2.0.1.tgz?cache=0&sync_timestamp=1635094524953&other_urls=https%3A%2F%2Fregistry.npmmirror.com%2Fp-timeout%2Fdownload%2Fp-timeout-2.0.1.tgz"
  "version" "2.0.1"
  dependencies:
    "p-finally" "^1.0.0"

"path-is-absolute@^1.0.0":
  "integrity" "sha1-F0uSaHNVNP+8es5r9TpanhtcX18="
  "resolved" "https://registry.npm.taobao.org/path-is-absolute/download/path-is-absolute-1.0.1.tgz"
  "version" "1.0.1"

"path-key@^3.1.0":
  "integrity" "sha1-WB9q3mWMu6ZaDTOA3ndTKVBU83U="
  "resolved" "https://registry.nlark.com/path-key/download/path-key-3.1.1.tgz"
  "version" "3.1.1"

"pend@~1.2.0":
  "integrity" "sha1-elfrVQpng/kRUzH89GY9XI4AelA="
  "resolved" "https://registry.nlark.com/pend/download/pend-1.2.0.tgz"
  "version" "1.2.0"

"pify@^2.3.0":
  "integrity" "sha1-7RQaasBDqEnqWISY59yosVMw6Qw="
  "resolved" "https://registry.nlark.com/pify/download/pify-2.3.0.tgz"
  "version" "2.3.0"

"pify@^3.0.0":
  "integrity" "sha1-5aSs0sEB/fPZpNB/DbxNtJ3SgXY="
  "resolved" "https://registry.nlark.com/pify/download/pify-3.0.0.tgz"
  "version" "3.0.0"

"pinkie-promise@^2.0.0":
  "integrity" "sha1-ITXW36ejWMBprJsXh3YogihFD/o="
  "resolved" "https://registry.npm.taobao.org/pinkie-promise/download/pinkie-promise-2.0.1.tgz"
  "version" "2.0.1"
  dependencies:
    "pinkie" "^2.0.0"

"pinkie@^2.0.0":
  "integrity" "sha1-clVrgM+g1IqXToDnckjoDtT3+HA="
  "resolved" "https://registry.nlark.com/pinkie/download/pinkie-2.0.4.tgz"
  "version" "2.0.4"

"prepend-http@^2.0.0":
  "integrity" "sha1-6SQ0v6XqjBn0HN/UAddBo8gZ2Jc="
  "resolved" "https://registry.nlark.com/prepend-http/download/prepend-http-2.0.0.tgz"
  "version" "2.0.0"

"process-nextick-args@~2.0.0":
  "integrity" "sha1-eCDZsWEgzFXKmud5JoCufbptf+I="
  "resolved" "https://registry.npm.taobao.org/process-nextick-args/download/process-nextick-args-2.0.1.tgz"
  "version" "2.0.1"

"proto-list@~1.2.1":
  "integrity" "sha1-IS1b/hMYMGpCD2QCuOJv85ZHqEk="
  "resolved" "https://registry.npm.taobao.org/proto-list/download/proto-list-1.2.4.tgz"
  "version" "1.2.4"

"query-string@^5.0.1":
  "integrity" "sha1-p4wBK3HBfgXy4/ojGd0zBoLvs8s="
  "resolved" "https://registry.nlark.com/query-string/download/query-string-5.1.1.tgz?cache=0&other_urls=https%3A%2F%2Fregistry.nlark.com%2Fquery-string%2Fdownload%2Fquery-string-5.1.1.tgz"
  "version" "5.1.1"
  dependencies:
    "decode-uri-component" "^0.2.0"
    "object-assign" "^4.1.0"
    "strict-uri-encode" "^1.0.0"

"readable-stream@^2.0.0":
  "integrity" "sha1-Hsoc9xGu+BTAT2IlKjamL2yyO1c="
  "resolved" "https://registry.nlark.com/readable-stream/download/readable-stream-2.3.7.tgz"
  "version" "2.3.7"
  dependencies:
    "core-util-is" "~1.0.0"
    "inherits" "~2.0.3"
    "isarray" "~1.0.0"
    "process-nextick-args" "~2.0.0"
    "safe-buffer" "~5.1.1"
    "string_decoder" "~1.1.1"
    "util-deprecate" "~1.0.1"

"readable-stream@^2.3.0", "readable-stream@^2.3.5":
  "integrity" "sha1-Hsoc9xGu+BTAT2IlKjamL2yyO1c="
  "resolved" "https://registry.nlark.com/readable-stream/download/readable-stream-2.3.7.tgz"
  "version" "2.3.7"
  dependencies:
    "core-util-is" "~1.0.0"
    "inherits" "~2.0.3"
    "isarray" "~1.0.0"
    "process-nextick-args" "~2.0.0"
    "safe-buffer" "~5.1.1"
    "string_decoder" "~1.1.1"
    "util-deprecate" "~1.0.1"

"readable-stream@^3.4.0":
  "integrity" "sha1-M3u9o63AcGvT4CRCaihtS0sskZg="
  "resolved" "https://registry.nlark.com/readable-stream/download/readable-stream-3.6.0.tgz"
  "version" "3.6.0"
  dependencies:
    "inherits" "^2.0.3"
    "string_decoder" "^1.1.1"
    "util-deprecate" "^1.0.1"

"responselike@1.0.2":
  "integrity" "sha1-kYcg7ztjHFZCvgaPFa3lpG9Loec="
  "resolved" "https://registry.npm.taobao.org/responselike/download/responselike-1.0.2.tgz"
  "version" "1.0.2"
  dependencies:
    "lowercase-keys" "^1.0.0"

"restore-cursor@^3.1.0":
  "integrity" "sha1-OfZ8VLOnpYzqUjbZXPADQjljH34="
  "resolved" "https://registry.nlark.com/restore-cursor/download/restore-cursor-3.1.0.tgz"
  "version" "3.1.0"
  dependencies:
    "onetime" "^5.1.0"
    "signal-exit" "^3.0.2"

"rimraf@^3.0.0":
  "integrity" "sha1-8aVAK6YiCtUswSgrrBrjqkn9Bho="
  "resolved" "https://registry.npm.taobao.org/rimraf/download/rimraf-3.0.2.tgz"
  "version" "3.0.2"
  dependencies:
    "glob" "^7.1.3"

"run-async@^2.4.0":
  "integrity" "sha1-hEDsz5nqPnC9QJ1JqriOEMGJpFU="
  "resolved" "https://registry.nlark.com/run-async/download/run-async-2.4.1.tgz"
  "version" "2.4.1"

"rxjs@^7.2.0":
  "integrity" "sha1-oSpE1+6/AW9f8kQbh/KMmlHOvGg="
  "resolved" "https://registry.npmmirror.com/rxjs/download/rxjs-7.4.0.tgz"
  "version" "7.4.0"
  dependencies:
    "tslib" "~2.1.0"

"safe-buffer@^5.0.1", "safe-buffer@^5.1.1", "safe-buffer@~5.2.0":
  "integrity" "sha1-Hq+fqb2x/dTsdfWPnNtOa3gn7sY="
  "resolved" "https://registry.nlark.com/safe-buffer/download/safe-buffer-5.2.1.tgz"
  "version" "5.2.1"

"safe-buffer@~5.1.0", "safe-buffer@~5.1.1":
  "integrity" "sha1-mR7GnSluAxN0fVm9/St0XDX4go0="
  "resolved" "https://registry.nlark.com/safe-buffer/download/safe-buffer-5.1.2.tgz"
  "version" "5.1.2"

"safe-buffer@5.1.2":
  "integrity" "sha1-mR7GnSluAxN0fVm9/St0XDX4go0="
  "resolved" "https://registry.nlark.com/safe-buffer/download/safe-buffer-5.1.2.tgz"
  "version" "5.1.2"

"safer-buffer@>= 2.1.2 < 3":
  "integrity" "sha1-RPoWGwGHuVSd2Eu5GAL5vYOFzWo="
  "resolved" "https://registry.nlark.com/safer-buffer/download/safer-buffer-2.1.2.tgz"
  "version" "2.1.2"

"seek-bzip@^1.0.5":
  "integrity" "sha1-NcQXH1WmgJFrUqB4WezztYV/IcQ="
  "resolved" "https://registry.npm.taobao.org/seek-bzip/download/seek-bzip-1.0.6.tgz"
  "version" "1.0.6"
  dependencies:
    "commander" "^2.8.1"

"shebang-command@^2.0.0":
  "integrity" "sha1-zNCvT4g1+9wmW4JGGq8MNmY/NOo="
  "resolved" "https://registry.nlark.com/shebang-command/download/shebang-command-2.0.0.tgz"
  "version" "2.0.0"
  dependencies:
    "shebang-regex" "^3.0.0"

"shebang-regex@^3.0.0":
  "integrity" "sha1-rhbxZE2HPsrYQ7AwexQzYtTEIXI="
  "resolved" "https://registry.nlark.com/shebang-regex/download/shebang-regex-3.0.0.tgz"
  "version" "3.0.0"

"signal-exit@^3.0.2":
  "integrity" "sha1-nj6MwMdamUcrRDIQM6dwLnc4JS8="
  "resolved" "https://registry.npmmirror.com/signal-exit/download/signal-exit-3.0.5.tgz?cache=0&sync_timestamp=1632948374592&other_urls=https%3A%2F%2Fregistry.npmmirror.com%2Fsignal-exit%2Fdownload%2Fsignal-exit-3.0.5.tgz"
  "version" "3.0.5"

"sort-keys-length@^1.0.0":
  "integrity" "sha1-nLb09OnkgVWmqgZx7dM2/xR5oYg="
  "resolved" "https://registry.npm.taobao.org/sort-keys-length/download/sort-keys-length-1.0.1.tgz"
  "version" "1.0.1"
  dependencies:
    "sort-keys" "^1.0.0"

"sort-keys@^1.0.0":
  "integrity" "sha1-RBttTTRnmPG05J6JIK37oOVD+a0="
  "resolved" "https://registry.nlark.com/sort-keys/download/sort-keys-1.1.2.tgz"
  "version" "1.1.2"
  dependencies:
    "is-plain-obj" "^1.0.0"

"sort-keys@^2.0.0":
  "integrity" "sha1-ZYU1WEhh7JfXMNbPQYIuH1ZoQSg="
  "resolved" "https://registry.nlark.com/sort-keys/download/sort-keys-2.0.0.tgz"
  "version" "2.0.0"
  dependencies:
    "is-plain-obj" "^1.0.0"

"strict-uri-encode@^1.0.0":
  "integrity" "sha1-J5siXfHVgrH1TmWt3UNS4Y+qBxM="
  "resolved" "https://registry.npm.taobao.org/strict-uri-encode/download/strict-uri-encode-1.1.0.tgz"
  "version" "1.1.0"

"string_decoder@^1.1.1":
  "integrity" "sha1-QvEUWUpGzxqOMLCoT1bHjD7awh4="
  "resolved" "https://registry.nlark.com/string_decoder/download/string_decoder-1.3.0.tgz"
  "version" "1.3.0"
  dependencies:
    "safe-buffer" "~5.2.0"

"string_decoder@~1.1.1":
  "integrity" "sha1-nPFhG6YmhdcDCunkujQUnDrwP8g="
  "resolved" "https://registry.nlark.com/string_decoder/download/string_decoder-1.1.1.tgz"
  "version" "1.1.1"
  dependencies:
    "safe-buffer" "~5.1.0"

"string-width@^4.1.0":
  "integrity" "sha1-JpxxF9J7Ba0uU2gwqOyJXvnG0BA="
  "resolved" "https://registry.npmmirror.com/string-width/download/string-width-4.2.3.tgz"
  "version" "4.2.3"
  dependencies:
    "emoji-regex" "^8.0.0"
    "is-fullwidth-code-point" "^3.0.0"
    "strip-ansi" "^6.0.1"

"strip-ansi@^6.0.0", "strip-ansi@^6.0.1":
  "integrity" "sha1-nibGPTD1NEPpSJSVshBdN7Z6hdk="
  "resolved" "https://registry.npmmirror.com/strip-ansi/download/strip-ansi-6.0.1.tgz"
  "version" "6.0.1"
  dependencies:
    "ansi-regex" "^5.0.1"

"strip-dirs@^2.0.0":
  "integrity" "sha1-SYdzYmT8NEzyD2w0rKnRPR1O1sU="
  "resolved" "https://registry.npm.taobao.org/strip-dirs/download/strip-dirs-2.1.0.tgz"
  "version" "2.1.0"
  dependencies:
    "is-natural-number" "^4.0.1"

"strip-outer@^1.0.0":
  "integrity" "sha1-sv0qv2YEudHmATBXGV34Nrip1jE="
  "resolved" "https://registry.nlark.com/strip-outer/download/strip-outer-1.0.1.tgz"
  "version" "1.0.1"
  dependencies:
    "escape-string-regexp" "^1.0.2"

"supports-color@^7.1.0":
  "integrity" "sha1-G33NyzK4E4gBs+R4umpRyqiWSNo="
  "resolved" "https://registry.nlark.com/supports-color/download/supports-color-7.2.0.tgz"
  "version" "7.2.0"
  dependencies:
    "has-flag" "^4.0.0"

"tar-stream@^1.5.2":
  "integrity" "sha1-jqVdqzeXIlPZqa+Q/c1VmuQ1xVU="
  "resolved" "https://registry.npm.taobao.org/tar-stream/download/tar-stream-1.6.2.tgz"
  "version" "1.6.2"
  dependencies:
    "bl" "^1.0.0"
    "buffer-alloc" "^1.2.0"
    "end-of-stream" "^1.0.0"
    "fs-constants" "^1.0.0"
    "readable-stream" "^2.3.0"
    "to-buffer" "^1.1.1"
    "xtend" "^4.0.0"

"through@^2.3.6", "through@^2.3.8":
  "integrity" "sha1-DdTJ/6q8NXlgsbckEV1+Doai4fU="
  "resolved" "https://registry.nlark.com/through/download/through-2.3.8.tgz"
  "version" "2.3.8"

"timed-out@^4.0.1":
  "integrity" "sha1-8y6srFoXW+ol1/q1Zas+2HQe9W8="
  "resolved" "https://registry.nlark.com/timed-out/download/timed-out-4.0.1.tgz?cache=0&sync_timestamp=1619073467606&other_urls=https%3A%2F%2Fregistry.nlark.com%2Ftimed-out%2Fdownload%2Ftimed-out-4.0.1.tgz"
  "version" "4.0.1"

"tmp@^0.0.33":
  "integrity" "sha1-bTQzWIl2jSGyvNoKonfO07G/rfk="
  "resolved" "https://registry.nlark.com/tmp/download/tmp-0.0.33.tgz"
  "version" "0.0.33"
  dependencies:
    "os-tmpdir" "~1.0.2"

"to-buffer@^1.1.1":
  "integrity" "sha1-STvUj2LXxD/N7TE6A9ytsuEhOoA="
  "resolved" "https://registry.npm.taobao.org/to-buffer/download/to-buffer-1.1.1.tgz"
  "version" "1.1.1"

"trim-repeated@^1.0.0":
  "integrity" "sha1-42RqLqTokTEr9+rObPsFOAvAHCE="
  "resolved" "https://registry.nlark.com/trim-repeated/download/trim-repeated-1.0.0.tgz?cache=0&sync_timestamp=1619005347796&other_urls=https%3A%2F%2Fregistry.nlark.com%2Ftrim-repeated%2Fdownload%2Ftrim-repeated-1.0.0.tgz"
  "version" "1.0.0"
  dependencies:
    "escape-string-regexp" "^1.0.2"

"tslib@~2.1.0":
  "integrity" "sha1-2mCGDxwuyqVwOrfTm8Bba/mIuXo="
  "resolved" "https://registry.nlark.com/tslib/download/tslib-2.1.0.tgz?cache=0&sync_timestamp=1628722556410&other_urls=https%3A%2F%2Fregistry.nlark.com%2Ftslib%2Fdownload%2Ftslib-2.1.0.tgz"
  "version" "2.1.0"

"tunnel-agent@^0.6.0":
  "integrity" "sha1-J6XeoGs2sEoKmWZ3SykIaPD8QP0="
  "resolved" "https://registry.nlark.com/tunnel-agent/download/tunnel-agent-0.6.0.tgz"
  "version" "0.6.0"
  dependencies:
    "safe-buffer" "^5.0.1"

"type-fest@^0.21.3":
  "integrity" "sha1-0mCiSwGYQ24TP6JqUkptZfo7Ljc="
  "resolved" "https://registry.npmmirror.com/type-fest/download/type-fest-0.21.3.tgz?cache=0&sync_timestamp=1636459972076&other_urls=https%3A%2F%2Fregistry.npmmirror.com%2Ftype-fest%2Fdownload%2Ftype-fest-0.21.3.tgz"
  "version" "0.21.3"

"unbzip2-stream@^1.0.9":
  "integrity" "sha1-sNoExDcTEd93HNwhXofyEwmRrOc="
  "resolved" "https://registry.nlark.com/unbzip2-stream/download/unbzip2-stream-1.4.3.tgz"
  "version" "1.4.3"
  dependencies:
    "buffer" "^5.2.1"
    "through" "^2.3.8"

"url-parse-lax@^3.0.0":
  "integrity" "sha1-FrXK/Afb42dsGxmZF3gj1lA6yww="
  "resolved" "https://registry.nlark.com/url-parse-lax/download/url-parse-lax-3.0.0.tgz?cache=0&sync_timestamp=1628548236896&other_urls=https%3A%2F%2Fregistry.nlark.com%2Furl-parse-lax%2Fdownload%2Furl-parse-lax-3.0.0.tgz"
  "version" "3.0.0"
  dependencies:
    "prepend-http" "^2.0.0"

"url-to-options@^1.0.1":
  "integrity" "sha1-FQWgOiiaSMvXpDTvuu7FBV9WM6k="
  "resolved" "https://registry.npm.taobao.org/url-to-options/download/url-to-options-1.0.1.tgz"
  "version" "1.0.1"

"util-deprecate@^1.0.1", "util-deprecate@~1.0.1":
  "integrity" "sha1-RQ1Nyfpw3nMnYvvS1KKJgUGaDM8="
  "resolved" "https://registry.npm.taobao.org/util-deprecate/download/util-deprecate-1.0.2.tgz"
  "version" "1.0.2"

"wcwidth@^1.0.1":
  "integrity" "sha1-8LDc+RW8X/FSivrbLA4XtTLaL+g="
  "resolved" "https://registry.nlark.com/wcwidth/download/wcwidth-1.0.1.tgz"
  "version" "1.0.1"
  dependencies:
    "defaults" "^1.0.3"

"which@^2.0.1":
  "integrity" "sha1-fGqN0KY2oDJ+ELWckobu6T8/UbE="
  "resolved" "https://registry.nlark.com/which/download/which-2.0.2.tgz"
  "version" "2.0.2"
  dependencies:
    "isexe" "^2.0.0"

"wrappy@1":
  "integrity" "sha1-tSQ9jz7BqjXxNkYFvA0QNuMKtp8="
  "resolved" "https://registry.nlark.com/wrappy/download/wrappy-1.0.2.tgz?cache=0&sync_timestamp=1619133505879&other_urls=https%3A%2F%2Fregistry.nlark.com%2Fwrappy%2Fdownload%2Fwrappy-1.0.2.tgz"
  "version" "1.0.2"

"xtend@^4.0.0":
  "integrity" "sha1-u3J3n1+kZRhrH0OPZ0+jR/2121Q="
  "resolved" "https://registry.npm.taobao.org/xtend/download/xtend-4.0.2.tgz"
  "version" "4.0.2"

"yauzl@^2.4.2":
  "integrity" "sha1-x+sXyT4RLLEIb6bY5R+wZnt5pfk="
  "resolved" "https://registry.nlark.com/yauzl/download/yauzl-2.10.0.tgz"
  "version" "2.10.0"
  dependencies:
    "buffer-crc32" "~0.2.3"
    "fd-slicer" "~1.1.0"
